// !$*UTF8*$!
{
	archiveVersion = 1;
	classes = {
	};
	objectVersion = 56;
	objects = {

/* Begin PBXBuildFile section */
		84700EAB2C1E9DF1008DC4A1 /* CasinoSwiftApp.swift in Sources */ = {isa = PBXBuildFile; fileRef = 84700EAA2C1E9DF1008DC4A1 /* CasinoSwiftApp.swift */; };
		84700EAD2C1E9DF1008DC4A1 /* ContentView.swift in Sources */ = {isa = PBXBuildFile; fileRef = 84700EAC2C1E9DF1008DC4A1 /* ContentView.swift */; };
		84700EAF2C1E9DF2008DC4A1 /* Assets.xcassets in Resources */ = {isa = PBXBuildFile; fileRef = 84700EAE2C1E9DF2008DC4A1 /* Assets.xcassets */; };
		84700EB22C1E9DF2008DC4A1 /* Preview Assets.xcassets in Resources */ = {isa = PBXBuildFile; fileRef = 84700EB12C1E9DF2008DC4A1 /* Preview Assets.xcassets */; };
		84700EBC2C1E9DF2008DC4A1 /* CasinoSwiftTests.swift in Sources */ = {isa = PBXBuildFile; fileRef = 84700EBB2C1E9DF2008DC4A1 /* CasinoSwiftTests.swift */; };
		84700EC62C1E9DF3008DC4A1 /* CasinoSwiftUITests.swift in Sources */ = {isa = PBXBuildFile; fileRef = 84700EC52C1E9DF3008DC4A1 /* CasinoSwiftUITests.swift */; };
		84700EC82C1E9DF3008DC4A1 /* CasinoSwiftUITestsLaunchTests.swift in Sources */ = {isa = PBXBuildFile; fileRef = 84700EC72C1E9DF3008DC4A1 /* CasinoSwiftUITestsLaunchTests.swift */; };
		84700ED62C1E9E63008DC4A1 /* User.swift in Sources */ = {isa = PBXBuildFile; fileRef = 84700ED52C1E9E63008DC4A1 /* User.swift */; };
		84700ED92C1E9F2A008DC4A1 /* ProfilePage.swift in Sources */ = {isa = PBXBuildFile; fileRef = 84700ED82C1E9F2A008DC4A1 /* ProfilePage.swift */; };
		84700EDB2C1EA166008DC4A1 /* Transaction.swift in Sources */ = {isa = PBXBuildFile; fileRef = 84700EDA2C1EA166008DC4A1 /* Transaction.swift */; };
/* End PBXBuildFile section */

/* Begin PBXContainerItemProxy section */
		84700EB82C1E9DF2008DC4A1 /* PBXContainerItemProxy */ = {
			isa = PBXContainerItemProxy;
			containerPortal = 84700E9F2C1E9DF1008DC4A1 /* Project object */;
			proxyType = 1;
			remoteGlobalIDString = 84700EA62C1E9DF1008DC4A1;
			remoteInfo = CasinoSwift;
		};
		84700EC22C1E9DF3008DC4A1 /* PBXContainerItemProxy */ = {
			isa = PBXContainerItemProxy;
			containerPortal = 84700E9F2C1E9DF1008DC4A1 /* Project object */;
			proxyType = 1;
			remoteGlobalIDString = 84700EA62C1E9DF1008DC4A1;
			remoteInfo = CasinoSwift;
		};
/* End PBXContainerItemProxy section */

/* Begin PBXFileReference section */
		84700EA72C1E9DF1008DC4A1 /* CasinoSwift.app */ = {isa = PBXFileReference; explicitFileType = wrapper.application; includeInIndex = 0; path = CasinoSwift.app; sourceTree = BUILT_PRODUCTS_DIR; };
		84700EAA2C1E9DF1008DC4A1 /* CasinoSwiftApp.swift */ = {isa = PBXFileReference; lastKnownFileType = sourcecode.swift; path = CasinoSwiftApp.swift; sourceTree = "<group>"; };
		84700EAC2C1E9DF1008DC4A1 /* ContentView.swift */ = {isa = PBXFileReference; lastKnownFileType = sourcecode.swift; path = ContentView.swift; sourceTree = "<group>"; };
		84700EAE2C1E9DF2008DC4A1 /* Assets.xcassets */ = {isa = PBXFileReference; lastKnownFileType = folder.assetcatalog; path = Assets.xcassets; sourceTree = "<group>"; };
		84700EB12C1E9DF2008DC4A1 /* Preview Assets.xcassets */ = {isa = PBXFileReference; lastKnownFileType = folder.assetcatalog; path = "Preview Assets.xcassets"; sourceTree = "<group>"; };
		84700EB72C1E9DF2008DC4A1 /* CasinoSwiftTests.xctest */ = {isa = PBXFileReference; explicitFileType = wrapper.cfbundle; includeInIndex = 0; path = CasinoSwiftTests.xctest; sourceTree = BUILT_PRODUCTS_DIR; };
		84700EBB2C1E9DF2008DC4A1 /* CasinoSwiftTests.swift */ = {isa = PBXFileReference; lastKnownFileType = sourcecode.swift; path = CasinoSwiftTests.swift; sourceTree = "<group>"; };
		84700EC12C1E9DF3008DC4A1 /* CasinoSwiftUITests.xctest */ = {isa = PBXFileReference; explicitFileType = wrapper.cfbundle; includeInIndex = 0; path = CasinoSwiftUITests.xctest; sourceTree = BUILT_PRODUCTS_DIR; };
		84700EC52C1E9DF3008DC4A1 /* CasinoSwiftUITests.swift */ = {isa = PBXFileReference; lastKnownFileType = sourcecode.swift; path = CasinoSwiftUITests.swift; sourceTree = "<group>"; };
		84700EC72C1E9DF3008DC4A1 /* CasinoSwiftUITestsLaunchTests.swift */ = {isa = PBXFileReference; lastKnownFileType = sourcecode.swift; path = CasinoSwiftUITestsLaunchTests.swift; sourceTree = "<group>"; };
		84700ED52C1E9E63008DC4A1 /* User.swift */ = {isa = PBXFileReference; lastKnownFileType = sourcecode.swift; path = User.swift; sourceTree = "<group>"; };
		84700ED82C1E9F2A008DC4A1 /* ProfilePage.swift */ = {isa = PBXFileReference; lastKnownFileType = sourcecode.swift; path = ProfilePage.swift; sourceTree = "<group>"; };
		84700EDA2C1EA166008DC4A1 /* Transaction.swift */ = {isa = PBXFileReference; lastKnownFileType = sourcecode.swift; path = Transaction.swift; sourceTree = "<group>"; };
/* End PBXFileReference section */

/* Begin PBXFrameworksBuildPhase section */
		84700EA42C1E9DF1008DC4A1 /* Frameworks */ = {
			isa = PBXFrameworksBuildPhase;
			buildActionMask = 2147483647;
			files = (
			);
			runOnlyForDeploymentPostprocessing = 0;
		};
		84700EB42C1E9DF2008DC4A1 /* Frameworks */ = {
			isa = PBXFrameworksBuildPhase;
			buildActionMask = 2147483647;
			files = (
			);
			runOnlyForDeploymentPostprocessing = 0;
		};
		84700EBE2C1E9DF3008DC4A1 /* Frameworks */ = {
			isa = PBXFrameworksBuildPhase;
			buildActionMask = 2147483647;
			files = (
			);
			runOnlyForDeploymentPostprocessing = 0;
		};
/* End PBXFrameworksBuildPhase section */

/* Begin PBXGroup section */
		84700E9E2C1E9DF1008DC4A1 = {
			isa = PBXGroup;
			children = (
				84700EA92C1E9DF1008DC4A1 /* CasinoSwift */,
				84700EBA2C1E9DF2008DC4A1 /* CasinoSwiftTests */,
				84700EC42C1E9DF3008DC4A1 /* CasinoSwiftUITests */,
				84700EA82C1E9DF1008DC4A1 /* Products */,
			);
			sourceTree = "<group>";
		};
		84700EA82C1E9DF1008DC4A1 /* Products */ = {
			isa = PBXGroup;
			children = (
				84700EA72C1E9DF1008DC4A1 /* CasinoSwift.app */,
				84700EB72C1E9DF2008DC4A1 /* CasinoSwiftTests.xctest */,
				84700EC12C1E9DF3008DC4A1 /* CasinoSwiftUITests.xctest */,
			);
			name = Products;
			sourceTree = "<group>";
		};
		84700EA92C1E9DF1008DC4A1 /* CasinoSwift */ = {
			isa = PBXGroup;
			children = (
				84700EDC2C1EA227008DC4A1 /* component */,
				84700ED72C1E9F16008DC4A1 /* page */,
				84700ED42C1E9E53008DC4A1 /* model */,
				84700EAA2C1E9DF1008DC4A1 /* CasinoSwiftApp.swift */,
				84700EAC2C1E9DF1008DC4A1 /* ContentView.swift */,
				84700EAE2C1E9DF2008DC4A1 /* Assets.xcassets */,
				84700EB02C1E9DF2008DC4A1 /* Preview Content */,
			);
			path = CasinoSwift;
			sourceTree = "<group>";
		};
		84700EB02C1E9DF2008DC4A1 /* Preview Content */ = {
			isa = PBXGroup;
			children = (
				84700EB12C1E9DF2008DC4A1 /* Preview Assets.xcassets */,
			);
			path = "Preview Content";
			sourceTree = "<group>";
		};
		84700EBA2C1E9DF2008DC4A1 /* CasinoSwiftTests */ = {
			isa = PBXGroup;
			children = (
				84700EBB2C1E9DF2008DC4A1 /* CasinoSwiftTests.swift */,
			);
			path = CasinoSwiftTests;
			sourceTree = "<group>";
		};
		84700EC42C1E9DF3008DC4A1 /* CasinoSwiftUITests */ = {
			isa = PBXGroup;
			children = (
				84700EC52C1E9DF3008DC4A1 /* CasinoSwiftUITests.swift */,
				84700EC72C1E9DF3008DC4A1 /* CasinoSwiftUITestsLaunchTests.swift */,
			);
			path = CasinoSwiftUITests;
			sourceTree = "<group>";
		};
		84700ED42C1E9E53008DC4A1 /* model */ = {
			isa = PBXGroup;
			children = (
				84700ED52C1E9E63008DC4A1 /* User.swift */,
			);
			path = model;
			sourceTree = "<group>";
		};
		84700ED72C1E9F16008DC4A1 /* page */ = {
			isa = PBXGroup;
			children = (
				84700ED82C1E9F2A008DC4A1 /* ProfilePage.swift */,
				84700EDA2C1EA166008DC4A1 /* Transaction.swift */,
			);
			path = page;
			sourceTree = "<group>";
		};
		84700EDC2C1EA227008DC4A1 /* component */ = {
			isa = PBXGroup;
			children = (
			);
			path = component;
			sourceTree = "<group>";
		};
/* End PBXGroup section */

/* Begin PBXNativeTarget section */
		84700EA62C1E9DF1008DC4A1 /* CasinoSwift */ = {
			isa = PBXNativeTarget;
			buildConfigurationList = 84700ECB2C1E9DF3008DC4A1 /* Build configuration list for PBXNativeTarget "CasinoSwift" */;
			buildPhases = (
				84700EA32C1E9DF1008DC4A1 /* Sources */,
				84700EA42C1E9DF1008DC4A1 /* Frameworks */,
				84700EA52C1E9DF1008DC4A1 /* Resources */,
			);
			buildRules = (
			);
			dependencies = (
			);
			name = CasinoSwift;
			productName = CasinoSwift;
			productReference = 84700EA72C1E9DF1008DC4A1 /* CasinoSwift.app */;
			productType = "com.apple.product-type.application";
		};
		84700EB62C1E9DF2008DC4A1 /* CasinoSwiftTests */ = {
			isa = PBXNativeTarget;
			buildConfigurationList = 84700ECE2C1E9DF3008DC4A1 /* Build configuration list for PBXNativeTarget "CasinoSwiftTests" */;
			buildPhases = (
				84700EB32C1E9DF2008DC4A1 /* Sources */,
				84700EB42C1E9DF2008DC4A1 /* Frameworks */,
				84700EB52C1E9DF2008DC4A1 /* Resources */,
			);
			buildRules = (
			);
			dependencies = (
				84700EB92C1E9DF2008DC4A1 /* PBXTargetDependency */,
			);
			name = CasinoSwiftTests;
			productName = CasinoSwiftTests;
			productReference = 84700EB72C1E9DF2008DC4A1 /* CasinoSwiftTests.xctest */;
			productType = "com.apple.product-type.bundle.unit-test";
		};
		84700EC02C1E9DF3008DC4A1 /* CasinoSwiftUITests */ = {
			isa = PBXNativeTarget;
			buildConfigurationList = 84700ED12C1E9DF3008DC4A1 /* Build configuration list for PBXNativeTarget "CasinoSwiftUITests" */;
			buildPhases = (
				84700EBD2C1E9DF3008DC4A1 /* Sources */,
				84700EBE2C1E9DF3008DC4A1 /* Frameworks */,
				84700EBF2C1E9DF3008DC4A1 /* Resources */,
			);
			buildRules = (
			);
			dependencies = (
				84700EC32C1E9DF3008DC4A1 /* PBXTargetDependency */,
			);
			name = CasinoSwiftUITests;
			productName = CasinoSwiftUITests;
			productReference = 84700EC12C1E9DF3008DC4A1 /* CasinoSwiftUITests.xctest */;
			productType = "com.apple.product-type.bundle.ui-testing";
		};
/* End PBXNativeTarget section */

/* Begin PBXProject section */
		84700E9F2C1E9DF1008DC4A1 /* Project object */ = {
			isa = PBXProject;
			attributes = {
				BuildIndependentTargetsInParallel = 1;
				LastSwiftUpdateCheck = 1540;
				LastUpgradeCheck = 1540;
				TargetAttributes = {
					84700EA62C1E9DF1008DC4A1 = {
						CreatedOnToolsVersion = 15.4;
					};
					84700EB62C1E9DF2008DC4A1 = {
						CreatedOnToolsVersion = 15.4;
						TestTargetID = 84700EA62C1E9DF1008DC4A1;
					};
					84700EC02C1E9DF3008DC4A1 = {
						CreatedOnToolsVersion = 15.4;
						TestTargetID = 84700EA62C1E9DF1008DC4A1;
					};
				};
			};
			buildConfigurationList = 84700EA22C1E9DF1008DC4A1 /* Build configuration list for PBXProject "CasinoSwift" */;
			compatibilityVersion = "Xcode 14.0";
			developmentRegion = en;
			hasScannedForEncodings = 0;
			knownRegions = (
				en,
				Base,
			);
			mainGroup = 84700E9E2C1E9DF1008DC4A1;
			productRefGroup = 84700EA82C1E9DF1008DC4A1 /* Products */;
			projectDirPath = "";
			projectRoot = "";
			targets = (
				84700EA62C1E9DF1008DC4A1 /* CasinoSwift */,
				84700EB62C1E9DF2008DC4A1 /* CasinoSwiftTests */,
				84700EC02C1E9DF3008DC4A1 /* CasinoSwiftUITests */,
			);
		};
/* End PBXProject section */

/* Begin PBXResourcesBuildPhase section */
		84700EA52C1E9DF1008DC4A1 /* Resources */ = {
			isa = PBXResourcesBuildPhase;
			buildActionMask = 2147483647;
			files = (
				84700EB22C1E9DF2008DC4A1 /* Preview Assets.xcassets in Resources */,
				84700EAF2C1E9DF2008DC4A1 /* Assets.xcassets in Resources */,
			);
			runOnlyForDeploymentPostprocessing = 0;
		};
		84700EB52C1E9DF2008DC4A1 /* Resources */ = {
			isa = PBXResourcesBuildPhase;
			buildActionMask = 2147483647;
			files = (
			);
			runOnlyForDeploymentPostprocessing = 0;
		};
		84700EBF2C1E9DF3008DC4A1 /* Resources */ = {
			isa = PBXResourcesBuildPhase;
			buildActionMask = 2147483647;
			files = (
			);
			runOnlyForDeploymentPostprocessing = 0;
		};
/* End PBXResourcesBuildPhase section */

/* Begin PBXSourcesBuildPhase section */
		84700EA32C1E9DF1008DC4A1 /* Sources */ = {
			isa = PBXSourcesBuildPhase;
			buildActionMask = 2147483647;
			files = (
				84700EAD2C1E9DF1008DC4A1 /* ContentView.swift in Sources */,
				84700EAB2C1E9DF1008DC4A1 /* CasinoSwiftApp.swift in Sources */,
				84700ED92C1E9F2A008DC4A1 /* ProfilePage.swift in Sources */,
				84700ED62C1E9E63008DC4A1 /* User.swift in Sources */,
				84700EDB2C1EA166008DC4A1 /* Transaction.swift in Sources */,
			);
			runOnlyForDeploymentPostprocessing = 0;
		};
		84700EB32C1E9DF2008DC4A1 /* Sources */ = {
			isa = PBXSourcesBuildPhase;
			buildActionMask = 2147483647;
			files = (
				84700EBC2C1E9DF2008DC4A1 /* CasinoSwiftTests.swift in Sources */,
			);
			runOnlyForDeploymentPostprocessing = 0;
		};
		84700EBD2C1E9DF3008DC4A1 /* Sources */ = {
			isa = PBXSourcesBuildPhase;
			buildActionMask = 2147483647;
			files = (
				84700EC62C1E9DF3008DC4A1 /* CasinoSwiftUITests.swift in Sources */,
				84700EC82C1E9DF3008DC4A1 /* CasinoSwiftUITestsLaunchTests.swift in Sources */,
			);
			runOnlyForDeploymentPostprocessing = 0;
		};
/* End PBXSourcesBuildPhase section */

/* Begin PBXTargetDependency section */
		84700EB92C1E9DF2008DC4A1 /* PBXTargetDependency */ = {
			isa = PBXTargetDependency;
			target = 84700EA62C1E9DF1008DC4A1 /* CasinoSwift */;
			targetProxy = 84700EB82C1E9DF2008DC4A1 /* PBXContainerItemProxy */;
		};
		84700EC32C1E9DF3008DC4A1 /* PBXTargetDependency */ = {
			isa = PBXTargetDependency;
			target = 84700EA62C1E9DF1008DC4A1 /* CasinoSwift */;
			targetProxy = 84700EC22C1E9DF3008DC4A1 /* PBXContainerItemProxy */;
		};
/* End PBXTargetDependency section */

/* Begin XCBuildConfiguration section */
		84700EC92C1E9DF3008DC4A1 /* Debug */ = {
			isa = XCBuildConfiguration;
			buildSettings = {
				ALWAYS_SEARCH_USER_PATHS = NO;
				ASSETCATALOG_COMPILER_GENERATE_SWIFT_ASSET_SYMBOL_EXTENSIONS = YES;
				CLANG_ANALYZER_NONNULL = YES;
				CLANG_ANALYZER_NUMBER_OBJECT_CONVERSION = YES_AGGRESSIVE;
				CLANG_CXX_LANGUAGE_STANDARD = "gnu++20";
				CLANG_ENABLE_MODULES = YES;
				CLANG_ENABLE_OBJC_ARC = YES;
				CLANG_ENABLE_OBJC_WEAK = YES;
				CLANG_WARN_BLOCK_CAPTURE_AUTORELEASING = YES;
				CLANG_WARN_BOOL_CONVERSION = YES;
				CLANG_WARN_COMMA = YES;
				CLANG_WARN_CONSTANT_CONVERSION = YES;
				CLANG_WARN_DEPRECATED_OBJC_IMPLEMENTATIONS = YES;
				CLANG_WARN_DIRECT_OBJC_ISA_USAGE = YES_ERROR;
				CLANG_WARN_DOCUMENTATION_COMMENTS = YES;
				CLANG_WARN_EMPTY_BODY = YES;
				CLANG_WARN_ENUM_CONVERSION = YES;
				CLANG_WARN_INFINITE_RECURSION = YES;
				CLANG_WARN_INT_CONVERSION = YES;
				CLANG_WARN_NON_LITERAL_NULL_CONVERSION = YES;
				CLANG_WARN_OBJC_IMPLICIT_RETAIN_SELF = YES;
				CLANG_WARN_OBJC_LITERAL_CONVERSION = YES;
				CLANG_WARN_OBJC_ROOT_CLASS = YES_ERROR;
				CLANG_WARN_QUOTED_INCLUDE_IN_FRAMEWORK_HEADER = YES;
				CLANG_WARN_RANGE_LOOP_ANALYSIS = YES;
				CLANG_WARN_STRICT_PROTOTYPES = YES;
				CLANG_WARN_SUSPICIOUS_MOVE = YES;
				CLANG_WARN_UNGUARDED_AVAILABILITY = YES_AGGRESSIVE;
				CLANG_WARN_UNREACHABLE_CODE = YES;
				CLANG_WARN__DUPLICATE_METHOD_MATCH = YES;
				COPY_PHASE_STRIP = NO;
				DEBUG_INFORMATION_FORMAT = dwarf;
				ENABLE_STRICT_OBJC_MSGSEND = YES;
				ENABLE_TESTABILITY = YES;
				ENABLE_USER_SCRIPT_SANDBOXING = YES;
				GCC_C_LANGUAGE_STANDARD = gnu17;
				GCC_DYNAMIC_NO_PIC = NO;
				GCC_NO_COMMON_BLOCKS = YES;
				GCC_OPTIMIZATION_LEVEL = 0;
				GCC_PREPROCESSOR_DEFINITIONS = (
					"DEBUG=1",
					"$(inherited)",
				);
				GCC_WARN_64_TO_32_BIT_CONVERSION = YES;
				GCC_WARN_ABOUT_RETURN_TYPE = YES_ERROR;
				GCC_WARN_UNDECLARED_SELECTOR = YES;
				GCC_WARN_UNINITIALIZED_AUTOS = YES_AGGRESSIVE;
				GCC_WARN_UNUSED_FUNCTION = YES;
				GCC_WARN_UNUSED_VARIABLE = YES;
				IPHONEOS_DEPLOYMENT_TARGET = 17.5;
				LOCALIZATION_PREFERS_STRING_CATALOGS = YES;
				MTL_ENABLE_DEBUG_INFO = INCLUDE_SOURCE;
				MTL_FAST_MATH = YES;
				ONLY_ACTIVE_ARCH = YES;
				SDKROOT = iphoneos;
				SWIFT_ACTIVE_COMPILATION_CONDITIONS = "DEBUG $(inherited)";
				SWIFT_OPTIMIZATION_LEVEL = "-Onone";
			};
			name = Debug;
		};
		84700ECA2C1E9DF3008DC4A1 /* Release */ = {
			isa = XCBuildConfiguration;
			buildSettings = {
				ALWAYS_SEARCH_USER_PATHS = NO;
				ASSETCATALOG_COMPILER_GENERATE_SWIFT_ASSET_SYMBOL_EXTENSIONS = YES;
				CLANG_ANALYZER_NONNULL = YES;
				CLANG_ANALYZER_NUMBER_OBJECT_CONVERSION = YES_AGGRESSIVE;
				CLANG_CXX_LANGUAGE_STANDARD = "gnu++20";
				CLANG_ENABLE_MODULES = YES;
				CLANG_ENABLE_OBJC_ARC = YES;
				CLANG_ENABLE_OBJC_WEAK = YES;
				CLANG_WARN_BLOCK_CAPTURE_AUTORELEASING = YES;
				CLANG_WARN_BOOL_CONVERSION = YES;
				CLANG_WARN_COMMA = YES;
				CLANG_WARN_CONSTANT_CONVERSION = YES;
				CLANG_WARN_DEPRECATED_OBJC_IMPLEMENTATIONS = YES;
				CLANG_WARN_DIRECT_OBJC_ISA_USAGE = YES_ERROR;
				CLANG_WARN_DOCUMENTATION_COMMENTS = YES;
				CLANG_WARN_EMPTY_BODY = YES;
				CLANG_WARN_ENUM_CONVERSION = YES;
				CLANG_WARN_INFINITE_RECURSION = YES;
				CLANG_WARN_INT_CONVERSION = YES;
				CLANG_WARN_NON_LITERAL_NULL_CONVERSION = YES;
				CLANG_WARN_OBJC_IMPLICIT_RETAIN_SELF = YES;
				CLANG_WARN_OBJC_LITERAL_CONVERSION = YES;
				CLANG_WARN_OBJC_ROOT_CLASS = YES_ERROR;
				CLANG_WARN_QUOTED_INCLUDE_IN_FRAMEWORK_HEADER = YES;
				CLANG_WARN_RANGE_LOOP_ANALYSIS = YES;
				CLANG_WARN_STRICT_PROTOTYPES = YES;
				CLANG_WARN_SUSPICIOUS_MOVE = YES;
				CLANG_WARN_UNGUARDED_AVAILABILITY = YES_AGGRESSIVE;
				CLANG_WARN_UNREACHABLE_CODE = YES;
				CLANG_WARN__DUPLICATE_METHOD_MATCH = YES;
				COPY_PHASE_STRIP = NO;
				DEBUG_INFORMATION_FORMAT = "dwarf-with-dsym";
				ENABLE_NS_ASSERTIONS = NO;
				ENABLE_STRICT_OBJC_MSGSEND = YES;
				ENABLE_USER_SCRIPT_SANDBOXING = YES;
				GCC_C_LANGUAGE_STANDARD = gnu17;
				GCC_NO_COMMON_BLOCKS = YES;
				GCC_WARN_64_TO_32_BIT_CONVERSION = YES;
				GCC_WARN_ABOUT_RETURN_TYPE = YES_ERROR;
				GCC_WARN_UNDECLARED_SELECTOR = YES;
				GCC_WARN_UNINITIALIZED_AUTOS = YES_AGGRESSIVE;
				GCC_WARN_UNUSED_FUNCTION = YES;
				GCC_WARN_UNUSED_VARIABLE = YES;
				IPHONEOS_DEPLOYMENT_TARGET = 17.5;
				LOCALIZATION_PREFERS_STRING_CATALOGS = YES;
				MTL_ENABLE_DEBUG_INFO = NO;
				MTL_FAST_MATH = YES;
				SDKROOT = iphoneos;
				SWIFT_COMPILATION_MODE = wholemodule;
				VALIDATE_PRODUCT = YES;
			};
			name = Release;
		};
		84700ECC2C1E9DF3008DC4A1 /* Debug */ = {
			isa = XCBuildConfiguration;
			buildSettings = {
				ASSETCATALOG_COMPILER_APPICON_NAME = AppIcon;
				ASSETCATALOG_COMPILER_GLOBAL_ACCENT_COLOR_NAME = AccentColor;
				CODE_SIGN_STYLE = Automatic;
				CURRENT_PROJECT_VERSION = 1;
				DEVELOPMENT_ASSET_PATHS = "\"CasinoSwift/Preview Content\"";
				ENABLE_PREVIEWS = YES;
				GENERATE_INFOPLIST_FILE = YES;
				INFOPLIST_KEY_UIApplicationSceneManifest_Generation = YES;
				INFOPLIST_KEY_UIApplicationSupportsIndirectInputEvents = YES;
				INFOPLIST_KEY_UILaunchScreen_Generation = YES;
				INFOPLIST_KEY_UISupportedInterfaceOrientations_iPad = "UIInterfaceOrientationPortrait UIInterfaceOrientationPortraitUpsideDown UIInterfaceOrientationLandscapeLeft UIInterfaceOrientationLandscapeRight";
				INFOPLIST_KEY_UISupportedInterfaceOrientations_iPhone = "UIInterfaceOrientationPortrait UIInterfaceOrientationLandscapeLeft UIInterfaceOrientationLandscapeRight";
				LD_RUNPATH_SEARCH_PATHS = (
					"$(inherited)",
					"@executable_path/Frameworks",
				);
				MARKETING_VERSION = 1.0;
				PRODUCT_BUNDLE_IDENTIFIER = com.waroon.CasinoSwift;
				PRODUCT_NAME = "$(TARGET_NAME)";
				SWIFT_EMIT_LOC_STRINGS = YES;
				SWIFT_VERSION = 5.0;
				TARGETED_DEVICE_FAMILY = "1,2";
			};
			name = Debug;
		};
		84700ECD2C1E9DF3008DC4A1 /* Release */ = {
			isa = XCBuildConfiguration;
			buildSettings = {
				ASSETCATALOG_COMPILER_APPICON_NAME = AppIcon;
				ASSETCATALOG_COMPILER_GLOBAL_ACCENT_COLOR_NAME = AccentColor;
				CODE_SIGN_STYLE = Automatic;
				CURRENT_PROJECT_VERSION = 1;
				DEVELOPMENT_ASSET_PATHS = "\"CasinoSwift/Preview Content\"";
				ENABLE_PREVIEWS = YES;
				GENERATE_INFOPLIST_FILE = YES;
				INFOPLIST_KEY_UIApplicationSceneManifest_Generation = YES;
				INFOPLIST_KEY_UIApplicationSupportsIndirectInputEvents = YES;
				INFOPLIST_KEY_UILaunchScreen_Generation = YES;
				INFOPLIST_KEY_UISupportedInterfaceOrientations_iPad = "UIInterfaceOrientationPortrait UIInterfaceOrientationPortraitUpsideDown UIInterfaceOrientationLandscapeLeft UIInterfaceOrientationLandscapeRight";
				INFOPLIST_KEY_UISupportedInterfaceOrientations_iPhone = "UIInterfaceOrientationPortrait UIInterfaceOrientationLandscapeLeft UIInterfaceOrientationLandscapeRight";
				LD_RUNPATH_SEARCH_PATHS = (
					"$(inherited)",
					"@executable_path/Frameworks",
				);
				MARKETING_VERSION = 1.0;
				PRODUCT_BUNDLE_IDENTIFIER = com.waroon.CasinoSwift;
				PRODUCT_NAME = "$(TARGET_NAME)";
				SWIFT_EMIT_LOC_STRINGS = YES;
				SWIFT_VERSION = 5.0;
				TARGETED_DEVICE_FAMILY = "1,2";
			};
			name = Release;
		};
		84700ECF2C1E9DF3008DC4A1 /* Debug */ = {
			isa = XCBuildConfiguration;
			buildSettings = {
				ALWAYS_EMBED_SWIFT_STANDARD_LIBRARIES = YES;
				BUNDLE_LOADER = "$(TEST_HOST)";
				CODE_SIGN_STYLE = Automatic;
				CURRENT_PROJECT_VERSION = 1;
				GENERATE_INFOPLIST_FILE = YES;
				IPHONEOS_DEPLOYMENT_TARGET = 17.5;
				MARKETING_VERSION = 1.0;
				PRODUCT_BUNDLE_IDENTIFIER = com.waroon.CasinoSwiftTests;
				PRODUCT_NAME = "$(TARGET_NAME)";
				SWIFT_EMIT_LOC_STRINGS = NO;
				SWIFT_VERSION = 5.0;
				TARGETED_DEVICE_FAMILY = "1,2";
				TEST_HOST = "$(BUILT_PRODUCTS_DIR)/CasinoSwift.app/$(BUNDLE_EXECUTABLE_FOLDER_PATH)/CasinoSwift";
			};
			name = Debug;
		};
		84700ED02C1E9DF3008DC4A1 /* Release */ = {
			isa = XCBuildConfiguration;
			buildSettings = {
				ALWAYS_EMBED_SWIFT_STANDARD_LIBRARIES = YES;
				BUNDLE_LOADER = "$(TEST_HOST)";
				CODE_SIGN_STYLE = Automatic;
				CURRENT_PROJECT_VERSION = 1;
				GENERATE_INFOPLIST_FILE = YES;
				IPHONEOS_DEPLOYMENT_TARGET = 17.5;
				MARKETING_VERSION = 1.0;
				PRODUCT_BUNDLE_IDENTIFIER = com.waroon.CasinoSwiftTests;
				PRODUCT_NAME = "$(TARGET_NAME)";
				SWIFT_EMIT_LOC_STRINGS = NO;
				SWIFT_VERSION = 5.0;
				TARGETED_DEVICE_FAMILY = "1,2";
				TEST_HOST = "$(BUILT_PRODUCTS_DIR)/CasinoSwift.app/$(BUNDLE_EXECUTABLE_FOLDER_PATH)/CasinoSwift";
			};
			name = Release;
		};
		84700ED22C1E9DF3008DC4A1 /* Debug */ = {
			isa = XCBuildConfiguration;
			buildSettings = {
				ALWAYS_EMBED_SWIFT_STANDARD_LIBRARIES = YES;
				CODE_SIGN_STYLE = Automatic;
				CURRENT_PROJECT_VERSION = 1;
				GENERATE_INFOPLIST_FILE = YES;
				MARKETING_VERSION = 1.0;
				PRODUCT_BUNDLE_IDENTIFIER = com.waroon.CasinoSwiftUITests;
				PRODUCT_NAME = "$(TARGET_NAME)";
				SWIFT_EMIT_LOC_STRINGS = NO;
				SWIFT_VERSION = 5.0;
				TARGETED_DEVICE_FAMILY = "1,2";
				TEST_TARGET_NAME = CasinoSwift;
			};
			name = Debug;
		};
		84700ED32C1E9DF3008DC4A1 /* Release */ = {
			isa = XCBuildConfiguration;
			buildSettings = {
				ALWAYS_EMBED_SWIFT_STANDARD_LIBRARIES = YES;
				CODE_SIGN_STYLE = Automatic;
				CURRENT_PROJECT_VERSION = 1;
				GENERATE_INFOPLIST_FILE = YES;
				MARKETING_VERSION = 1.0;
				PRODUCT_BUNDLE_IDENTIFIER = com.waroon.CasinoSwiftUITests;
				PRODUCT_NAME = "$(TARGET_NAME)";
				SWIFT_EMIT_LOC_STRINGS = NO;
				SWIFT_VERSION = 5.0;
				TARGETED_DEVICE_FAMILY = "1,2";
				TEST_TARGET_NAME = CasinoSwift;
			};
			name = Release;
		};
/* End XCBuildConfiguration section */

/* Begin XCConfigurationList section */
		84700EA22C1E9DF1008DC4A1 /* Build configuration list for PBXProject "CasinoSwift" */ = {
			isa = XCConfigurationList;
			buildConfigurations = (
				84700EC92C1E9DF3008DC4A1 /* Debug */,
				84700ECA2C1E9DF3008DC4A1 /* Release */,
			);
			defaultConfigurationIsVisible = 0;
			defaultConfigurationName = Release;
		};
		84700ECB2C1E9DF3008DC4A1 /* Build configuration list for PBXNativeTarget "CasinoSwift" */ = {
			isa = XCConfigurationList;
			buildConfigurations = (
				84700ECC2C1E9DF3008DC4A1 /* Debug */,
				84700ECD2C1E9DF3008DC4A1 /* Release */,
			);
			defaultConfigurationIsVisible = 0;
			defaultConfigurationName = Release;
		};
		84700ECE2C1E9DF3008DC4A1 /* Build configuration list for PBXNativeTarget "CasinoSwiftTests" */ = {
			isa = XCConfigurationList;
			buildConfigurations = (
				84700ECF2C1E9DF3008DC4A1 /* Debug */,
				84700ED02C1E9DF3008DC4A1 /* Release */,
			);
			defaultConfigurationIsVisible = 0;
			defaultConfigurationName = Release;
		};
		84700ED12C1E9DF3008DC4A1 /* Build configuration list for PBXNativeTarget "CasinoSwiftUITests" */ = {
			isa = XCConfigurationList;
			buildConfigurations = (
				84700ED22C1E9DF3008DC4A1 /* Debug */,
				84700ED32C1E9DF3008DC4A1 /* Release */,
			);
			defaultConfigurationIsVisible = 0;
			defaultConfigurationName = Release;
		};
/* End XCConfigurationList section */
	};
	rootObject = 84700E9F2C1E9DF1008DC4A1 /* Project object */;
}
